
Microsoft Visual Studio Solution File, Format Version 12.00
# Visual Studio Version 16
VisualStudioVersion = 16.0.29926.136
MinimumVisualStudioVersion = 10.0.40219.1
Project("{FAE04EC0-301F-11D3-BF4B-00C04F79EFBC}") = "AutomapperDemo", "AutomapperDemo.csproj", "{5BC3A21A-9DA9-4830-B5B5-95DD530157F2}"
EndProject
Global
	GlobalSection(SolutionConfigurationPlatforms) = preSolution
		Debug|Any CPU = Debug|Any CPU
		Release|Any CPU = Release|Any CPU
	EndGlobalSection
	GlobalSection(ProjectConfigurationPlatforms) = postSolution
		{5BC3A21A-9DA9-4830-B5B5-95DD530157F2}.Debug|Any CPU.ActiveCfg = Debug|Any CPU
		{5BC3A21A-9DA9-4830-B5B5-95DD530157F2}.Debug|Any CPU.Build.0 = Debug|Any CPU
		{5BC3A21A-9DA9-4830-B5B5-95DD530157F2}.Release|Any CPU.ActiveCfg = Release|Any CPU
		{5BC3A21A-9DA9-4830-B5B5-95DD530157F2}.Release|Any CPU.Build.0 = Release|Any CPU
	EndGlobalSection
	GlobalSection(SolutionProperties) = preSolution
		HideSolutionNode = FALSE
	EndGlobalSection
	GlobalSection(ExtensibilityGlobals) = postSolution
		SolutionGuid = {2271FFEA-CB89-42B7-9B98-D96B0ECFF7F5}
	EndGlobalSection
EndGlobal
